{
  "version": 4,
  "terraform_version": "0.12.5",
  "serial": 51,
  "lineage": "34d35f18-3ee0-0753-34a1-fee0acee5bd9",
  "outputs": {},
  "resources": [
    {
      "mode": "managed",
      "type": "aws_api_gateway_api_key",
      "name": "lambda_webhook_api_key",
      "provider": "provider.aws",
      "instances": [
        {
          "schema_version": 0,
          "attributes": {
            "created_date": "2019-07-20T11:06:36Z",
            "description": "Managed by Terraform",
            "enabled": true,
            "id": "r8qjmnezh6",
            "last_updated_date": "2019-07-20T11:06:36Z",
            "name": "lambda_webhook_api_key",
            "stage_key": [],
            "value": "0ABjNEbYCQ1FeC7dWmcwX7v9KdxYvckG7QyHj3Wj"
          },
          "private": "bnVsbA=="
        }
      ]
    },
    {
      "mode": "managed",
      "type": "aws_api_gateway_integration",
      "name": "lambda_webhook_integration",
      "provider": "provider.aws",
      "instances": [
        {
          "schema_version": 0,
          "attributes": {
            "cache_key_parameters": [],
            "cache_namespace": "ao0x4v",
            "connection_id": "",
            "connection_type": "INTERNET",
            "content_handling": "",
            "credentials": "",
            "http_method": "GET",
            "id": "agi-c1ybdlomh8-ao0x4v-GET",
            "integration_http_method": "POST",
            "passthrough_behavior": "WHEN_NO_MATCH",
            "request_parameters": {},
            "request_parameters_in_json": null,
            "request_templates": {},
            "resource_id": "ao0x4v",
            "rest_api_id": "c1ybdlomh8",
            "timeout_milliseconds": 29000,
            "type": "AWS_PROXY",
            "uri": "arn:aws:apigateway:eu-central-1:lambda:path/2015-03-31/functions/arn:aws:lambda:eu-central-1:230395253819:function:build_hugo_site/invocations"
          },
          "private": "bnVsbA==",
          "depends_on": [
            "aws_api_gateway_method.lambda_webhook_method",
            "aws_api_gateway_resource.lambda_webhook_resource",
            "aws_api_gateway_rest_api.lambda_webhook",
            "aws_lambda_function.build_site_lambda"
          ]
        }
      ]
    },
    {
      "mode": "managed",
      "type": "aws_api_gateway_method",
      "name": "lambda_webhook_method",
      "provider": "provider.aws",
      "instances": [
        {
          "schema_version": 0,
          "attributes": {
            "api_key_required": true,
            "authorization": "NONE",
            "authorization_scopes": [],
            "authorizer_id": "",
            "http_method": "GET",
            "id": "agm-c1ybdlomh8-ao0x4v-GET",
            "request_models": {},
            "request_parameters": {},
            "request_parameters_in_json": null,
            "request_validator_id": "",
            "resource_id": "ao0x4v",
            "rest_api_id": "c1ybdlomh8"
          },
          "private": "bnVsbA==",
          "depends_on": [
            "aws_api_gateway_resource.lambda_webhook_resource",
            "aws_api_gateway_rest_api.lambda_webhook"
          ]
        }
      ]
    },
    {
      "mode": "managed",
      "type": "aws_api_gateway_resource",
      "name": "lambda_webhook_resource",
      "provider": "provider.aws",
      "instances": [
        {
          "schema_version": 0,
          "attributes": {
            "id": "ao0x4v",
            "parent_id": "z7yh3ikl47",
            "path": "/build-hugo-site",
            "path_part": "build-hugo-site",
            "rest_api_id": "c1ybdlomh8"
          },
          "private": "bnVsbA==",
          "depends_on": [
            "aws_api_gateway_rest_api.lambda_webhook"
          ]
        }
      ]
    },
    {
      "mode": "managed",
      "type": "aws_api_gateway_rest_api",
      "name": "lambda_webhook",
      "provider": "provider.aws",
      "instances": [
        {
          "schema_version": 0,
          "attributes": {
            "api_key_source": "HEADER",
            "binary_media_types": [],
            "body": null,
            "created_date": "2019-07-20T10:26:49Z",
            "description": "A webhook to trigger the build for the hugo website.",
            "endpoint_configuration": [
              {
                "types": [
                  "EDGE"
                ]
              }
            ],
            "execution_arn": "arn:aws:execute-api:eu-central-1:230395253819:c1ybdlomh8",
            "id": "c1ybdlomh8",
            "minimum_compression_size": -1,
            "name": "build_hugo_site_webhook",
            "policy": "",
            "root_resource_id": "z7yh3ikl47"
          },
          "private": "bnVsbA=="
        }
      ]
    },
    {
      "mode": "managed",
      "type": "aws_cloudfront_origin_access_identity",
      "name": "origin_access_identity",
      "provider": "provider.aws",
      "instances": [
        {
          "schema_version": 0,
          "attributes": {
            "caller_reference": "2019-07-20T13:55:47.866226+02:00",
            "cloudfront_access_identity_path": "origin-access-identity/cloudfront/E1JZDU9D6UVYCX",
            "comment": null,
            "etag": "E4LT40MXUFI42",
            "iam_arn": "arn:aws:iam::cloudfront:user/CloudFront Origin Access Identity E1JZDU9D6UVYCX",
            "id": "E1JZDU9D6UVYCX",
            "s3_canonical_user_id": "d3168614a8e8e039000826dbc9c3909430f283c10cc3c80bc95f96f03330c66ed23c9c6151735c9ff032a3934b3ee10e"
          },
          "private": "bnVsbA=="
        }
      ]
    },
    {
      "mode": "managed",
      "type": "aws_iam_policy",
      "name": "iam_policy_for_lambda",
      "provider": "provider.aws",
      "instances": [
        {
          "schema_version": 0,
          "attributes": {
            "arn": "arn:aws:iam::230395253819:policy/policy_for_lambda",
            "description": "policy to give lambda access to s3 buckets",
            "id": "arn:aws:iam::230395253819:policy/policy_for_lambda",
            "name": "policy_for_lambda",
            "name_prefix": null,
            "path": "/",
            "policy": "{\r\n    \"Version\": \"2012-10-17\",\r\n    \"Statement\": [\r\n        {\r\n            \"Action\": [\r\n                \"s3:GetObject\",\r\n                \"s3:ListBucket\",\r\n                \"s3:GetBucketLocation\",\r\n                \"s3:PutObject\",\r\n                \"s3:DeleteObject\",\r\n                \"sts:AssumeRole\"\r\n            ],\r\n            \"Resource\": [\r\n                \"arn:aws:s3:::hugo-source-bucket\",\r\n                \"arn:aws:s3:::hugo-source-bucket/*\",\r\n                \"arn:aws:s3:::maartens.website\",\r\n                \"arn:aws:s3:::maartens.website/*\"\r\n            ],\r\n            \"Effect\": \"Allow\"\r\n        }\r\n    ]\r\n}\r\n"
          },
          "private": "bnVsbA==",
          "depends_on": [
            "aws_s3_bucket.hugo_site_bucket",
            "aws_s3_bucket.hugo_source_bucket"
          ]
        }
      ]
    },
    {
      "mode": "managed",
      "type": "aws_iam_role",
      "name": "iam_for_lambda",
      "provider": "provider.aws",
      "instances": [
        {
          "schema_version": 0,
          "attributes": {
            "arn": "arn:aws:iam::230395253819:role/iam_for_lambda",
            "assume_role_policy": "{\"Version\":\"2012-10-17\",\"Statement\":[{\"Sid\":\"\",\"Effect\":\"Allow\",\"Principal\":{\"Service\":\"lambda.amazonaws.com\"},\"Action\":\"sts:AssumeRole\"}]}",
            "create_date": "2019-07-19T14:43:51Z",
            "description": "",
            "force_detach_policies": false,
            "id": "iam_for_lambda",
            "max_session_duration": 3600,
            "name": "iam_for_lambda",
            "name_prefix": null,
            "path": "/",
            "permissions_boundary": null,
            "tags": {},
            "unique_id": "AROATLJFASQ56OLQ5L4NP"
          },
          "private": "bnVsbA=="
        }
      ]
    },
    {
      "mode": "managed",
      "type": "aws_iam_role_policy_attachment",
      "name": "iam_policy_for_lambda_attachment",
      "provider": "provider.aws",
      "instances": [
        {
          "schema_version": 0,
          "attributes": {
            "id": "iam_for_lambda-20190719144353169200000001",
            "policy_arn": "arn:aws:iam::230395253819:policy/policy_for_lambda",
            "role": "iam_for_lambda"
          },
          "private": "bnVsbA==",
          "depends_on": [
            "aws_iam_policy.iam_policy_for_lambda",
            "aws_iam_role.iam_for_lambda"
          ]
        }
      ]
    },
    {
      "mode": "managed",
      "type": "aws_lambda_function",
      "name": "build_site_lambda",
      "provider": "provider.aws",
      "instances": [
        {
          "schema_version": 0,
          "attributes": {
            "arn": "arn:aws:lambda:eu-central-1:230395253819:function:build_hugo_site",
            "dead_letter_config": [],
            "description": "",
            "environment": [
              {
                "variables": {
                  "DESTINATION_BUCKET": "maartens.website",
                  "SOURCE_PATH": "hugo-source-bucket"
                }
              }
            ],
            "filename": "aws/lambda/build_site_lambda.zip",
            "function_name": "build_hugo_site",
            "handler": "main.lambda_handler",
            "id": "build_hugo_site",
            "invoke_arn": "arn:aws:apigateway:eu-central-1:lambda:path/2015-03-31/functions/arn:aws:lambda:eu-central-1:230395253819:function:build_hugo_site/invocations",
            "kms_key_arn": "",
            "last_modified": "2019-07-20T11:07:25.400+0000",
            "layers": [
              "arn:aws:lambda:eu-central-1:230395253819:layer:hugo:3",
              "arn:aws:lambda:eu-central-1:230395253819:layer:libstdc:3",
              "arn:aws:lambda:eu-central-1:230395253819:layer:aws_cli:4"
            ],
            "memory_size": 512,
            "publish": false,
            "qualified_arn": "arn:aws:lambda:eu-central-1:230395253819:function:build_hugo_site:$LATEST",
            "reserved_concurrent_executions": -1,
            "role": "arn:aws:iam::230395253819:role/iam_for_lambda",
            "runtime": "python3.7",
            "s3_bucket": null,
            "s3_key": null,
            "s3_object_version": null,
            "source_code_hash": "xdnWfW/A9q7mLKpTvAqhidsSHcZkgXEH83BtnJWqIOU=",
            "source_code_size": 1059,
            "tags": {},
            "timeout": 30,
            "timeouts": null,
            "tracing_config": [
              {
                "mode": "PassThrough"
              }
            ],
            "version": "$LATEST",
            "vpc_config": []
          },
          "private": "eyJlMmJmYjczMC1lY2FhLTExZTYtOGY4OC0zNDM2M2JjN2M0YzAiOnsiY3JlYXRlIjo2MDAwMDAwMDAwMDB9fQ==",
          "depends_on": [
            "aws_iam_role.iam_for_lambda",
            "aws_lambda_layer_version.aws_cli",
            "aws_lambda_layer_version.hugo",
            "aws_lambda_layer_version.libstdc",
            "aws_s3_bucket.hugo_site_bucket",
            "aws_s3_bucket.hugo_source_bucket"
          ]
        }
      ]
    },
    {
      "mode": "managed",
      "type": "aws_lambda_layer_version",
      "name": "aws_cli",
      "provider": "provider.aws",
      "instances": [
        {
          "schema_version": 0,
          "attributes": {
            "arn": "arn:aws:lambda:eu-central-1:230395253819:layer:aws_cli:4",
            "compatible_runtimes": [
              "python3.7"
            ],
            "created_date": "2019-07-19T15:02:40.623+0000",
            "description": "",
            "filename": "aws/lambda/layers/aws_cli.zip",
            "id": "arn:aws:lambda:eu-central-1:230395253819:layer:aws_cli:4",
            "layer_arn": "arn:aws:lambda:eu-central-1:230395253819:layer:aws_cli",
            "layer_name": "aws_cli",
            "license_info": "",
            "s3_bucket": null,
            "s3_key": null,
            "s3_object_version": null,
            "source_code_hash": "Yz2nMcMl3hmFqEwSXvv/vqCZCvfD20FR+dQ19XM0jzs=",
            "source_code_size": 14090932,
            "version": "4"
          },
          "private": "bnVsbA=="
        }
      ]
    },
    {
      "mode": "managed",
      "type": "aws_lambda_layer_version",
      "name": "hugo",
      "provider": "provider.aws",
      "instances": [
        {
          "schema_version": 0,
          "attributes": {
            "arn": "arn:aws:lambda:eu-central-1:230395253819:layer:hugo:3",
            "compatible_runtimes": [
              "python3.7"
            ],
            "created_date": "2019-07-20T10:52:10.471+0000",
            "description": "",
            "filename": "aws/lambda/layers/hugo.zip",
            "id": "arn:aws:lambda:eu-central-1:230395253819:layer:hugo:3",
            "layer_arn": "arn:aws:lambda:eu-central-1:230395253819:layer:hugo",
            "layer_name": "hugo",
            "license_info": "",
            "s3_bucket": null,
            "s3_key": null,
            "s3_object_version": null,
            "source_code_hash": "bH/pg8l7shf3fHtTNJVBsBYYtUtKgPe//PAIKLiprhM=",
            "source_code_size": 7667426,
            "version": "3"
          },
          "private": "bnVsbA=="
        }
      ]
    },
    {
      "mode": "managed",
      "type": "aws_lambda_layer_version",
      "name": "libstdc",
      "provider": "provider.aws",
      "instances": [
        {
          "schema_version": 0,
          "attributes": {
            "arn": "arn:aws:lambda:eu-central-1:230395253819:layer:libstdc:3",
            "compatible_runtimes": [
              "python3.7"
            ],
            "created_date": "2019-07-19T12:40:03.007+0000",
            "description": "",
            "filename": "aws/lambda/layers/libstdc.zip",
            "id": "arn:aws:lambda:eu-central-1:230395253819:layer:libstdc:3",
            "layer_arn": "arn:aws:lambda:eu-central-1:230395253819:layer:libstdc",
            "layer_name": "libstdc",
            "license_info": "",
            "s3_bucket": null,
            "s3_key": null,
            "s3_object_version": null,
            "source_code_hash": "a3DQc0IlmvwCt37iHPH8uf0ewIdRmDhFEdlaS3dveVU=",
            "source_code_size": 493932,
            "version": "3"
          },
          "private": "bnVsbA=="
        }
      ]
    },
    {
      "mode": "managed",
      "type": "aws_lambda_permission",
      "name": "lambda_permission",
      "provider": "provider.aws",
      "instances": [
        {
          "schema_version": 0,
          "attributes": {
            "action": "lambda:InvokeFunction",
            "event_source_token": null,
            "function_name": "build_hugo_site",
            "id": "AllowExecutionFromAPIGateway",
            "principal": "apigateway.amazonaws.com",
            "qualifier": "",
            "source_account": null,
            "source_arn": "arn:aws:execute-api:eu-central-1:230395253819:c1ybdlomh8/*/GET/build-hugo-site",
            "statement_id": "AllowExecutionFromAPIGateway",
            "statement_id_prefix": null
          },
          "private": "bnVsbA==",
          "depends_on": [
            "aws_api_gateway_method.lambda_webhook_method",
            "aws_api_gateway_resource.lambda_webhook_resource",
            "aws_api_gateway_rest_api.lambda_webhook",
            "aws_lambda_function.build_site_lambda"
          ]
        }
      ]
    },
    {
      "mode": "managed",
      "type": "aws_route53_record",
      "name": "www",
      "provider": "provider.aws",
      "instances": []
    },
    {
      "mode": "managed",
      "type": "aws_route53_zone",
      "name": "primary",
      "provider": "provider.aws",
      "instances": [
        {
          "schema_version": 0,
          "attributes": {
            "comment": "Managed by Terraform",
            "delegation_set_id": "",
            "force_destroy": false,
            "id": "Z1SNNLU7OGR2VR",
            "name": "maartens.website.",
            "name_servers": [
              "ns-1333.awsdns-38.org",
              "ns-1812.awsdns-34.co.uk",
              "ns-198.awsdns-24.com",
              "ns-834.awsdns-40.net"
            ],
            "tags": null,
            "vpc": [],
            "vpc_id": null,
            "vpc_region": null,
            "zone_id": "Z1SNNLU7OGR2VR"
          },
          "private": "bnVsbA=="
        }
      ]
    },
    {
      "mode": "managed",
      "type": "aws_s3_bucket",
      "name": "hugo_site_bucket",
      "provider": "provider.aws",
      "instances": [
        {
          "schema_version": 0,
          "attributes": {
            "acceleration_status": "",
            "acl": "public-read",
            "arn": "arn:aws:s3:::maartens.website",
            "bucket": "maartens.website",
            "bucket_domain_name": "maartens.website.s3.amazonaws.com",
            "bucket_prefix": null,
            "bucket_regional_domain_name": "maartens.website.s3.eu-central-1.amazonaws.com",
            "cors_rule": [],
            "force_destroy": false,
            "hosted_zone_id": "Z21DNDUVLTQW6Q",
            "id": "maartens.website",
            "lifecycle_rule": [],
            "logging": [],
            "object_lock_configuration": [],
            "policy": "{\"Statement\":[{\"Action\":\"s3:GetObject\",\"Effect\":\"Allow\",\"Principal\":\"*\",\"Resource\":\"arn:aws:s3:::maartens.website/*\",\"Sid\":\"PublicReadForGetBucketObjects\"}],\"Version\":\"2012-10-17\"}",
            "region": "eu-central-1",
            "replication_configuration": [],
            "request_payer": "BucketOwner",
            "server_side_encryption_configuration": [],
            "tags": {},
            "versioning": [
              {
                "enabled": false,
                "mfa_delete": false
              }
            ],
            "website": [
              {
                "error_document": "404.html",
                "index_document": "index.html",
                "redirect_all_requests_to": "",
                "routing_rules": ""
              }
            ],
            "website_domain": "s3-website.eu-central-1.amazonaws.com",
            "website_endpoint": "maartens.website.s3-website.eu-central-1.amazonaws.com"
          },
          "private": "bnVsbA=="
        }
      ]
    },
    {
      "mode": "managed",
      "type": "aws_s3_bucket",
      "name": "hugo_source_bucket",
      "provider": "provider.aws",
      "instances": [
        {
          "schema_version": 0,
          "attributes": {
            "acceleration_status": "",
            "acl": "private",
            "arn": "arn:aws:s3:::hugo-source-bucket",
            "bucket": "hugo-source-bucket",
            "bucket_domain_name": "hugo-source-bucket.s3.amazonaws.com",
            "bucket_prefix": null,
            "bucket_regional_domain_name": "hugo-source-bucket.s3.eu-central-1.amazonaws.com",
            "cors_rule": [],
            "force_destroy": false,
            "hosted_zone_id": "Z21DNDUVLTQW6Q",
            "id": "hugo-source-bucket",
            "lifecycle_rule": [],
            "logging": [],
            "object_lock_configuration": [],
            "policy": null,
            "region": "eu-central-1",
            "replication_configuration": [],
            "request_payer": "BucketOwner",
            "server_side_encryption_configuration": [],
            "tags": {},
            "versioning": [
              {
                "enabled": false,
                "mfa_delete": false
              }
            ],
            "website": [],
            "website_domain": null,
            "website_endpoint": null
          },
          "private": "bnVsbA=="
        }
      ]
    }
  ]
}
